
Microsoft Visual Studio Solution File, Format Version 12.00
# Visual Studio Version 16
VisualStudioVersion = 16.0.29613.14
MinimumVisualStudioVersion = 10.0.40219.1
Project("{FAE04EC0-301F-11D3-BF4B-00C04F79EFBC}") = "DemoWebApp", "DemoWebApp\DemoWebApp.csproj", "{EB577749-A01E-435A-8E8C-1895B838DD20}"
EndProject
Global
	GlobalSection(SolutionConfigurationPlatforms) = preSolution
		Debug|Any CPU = Debug|Any CPU
		Release|Any CPU = Release|Any CPU
	EndGlobalSection
	GlobalSection(ProjectConfigurationPlatforms) = postSolution
		{EB577749-A01E-435A-8E8C-1895B838DD20}.Debug|Any CPU.ActiveCfg = Debug|Any CPU
		{EB577749-A01E-435A-8E8C-1895B838DD20}.Debug|Any CPU.Build.0 = Debug|Any CPU
		{EB577749-A01E-435A-8E8C-1895B838DD20}.Release|Any CPU.ActiveCfg = Release|Any CPU
		{EB577749-A01E-435A-8E8C-1895B838DD20}.Release|Any CPU.Build.0 = Release|Any CPU
	EndGlobalSection
	GlobalSection(SolutionProperties) = preSolution
		HideSolutionNode = FALSE
	EndGlobalSection
	GlobalSection(ExtensibilityGlobals) = postSolution
		SolutionGuid = {27848DA6-0A31-42FE-92E7-D086791A29CA}
	EndGlobalSection
EndGlobal
